
Microsoft Visual Studio Solution File, Format Version 12.00
# Visual Studio Version 16
VisualStudioVersion = 16.0.29021.104
MinimumVisualStudioVersion = 10.0.40219.1
Project("{2150E333-8FDC-42A3-9474-1A3956D46DE8}") = "src", "src", "{A563E683-79C0-4BBC-9D52-E0D53EE328FC}"
EndProject
Project("{2150E333-8FDC-42A3-9474-1A3956D46DE8}") = "test", "test", "{2F8A3136-12E4-4FEA-AF9D-E5AEA07AD57A}"
EndProject
Project("{9A19103F-16F7-4668-BE54-9A1E7A4F7556}") = "Corvinus.Collections", "src\Corvinus.Collections\src\Corvinus.Collections.csproj", "{A38FD32A-4A76-4E28-A8BC-3536EEF7B664}"
EndProject
Project("{9A19103F-16F7-4668-BE54-9A1E7A4F7556}") = "Corvinus.Collections.Test.Unit", "src\Corvinus.Collections\tests\Corvinus.Collections.Test.Unit\Corvinus.Collections.Test.Unit.csproj", "{18DA95DF-4668-43AE-8621-5E3811FDDFFC}"
EndProject
Project("{9A19103F-16F7-4668-BE54-9A1E7A4F7556}") = "Corvinus.ComponentModel.Composition", "src\Corvinus.ComponentModel.Composition\src\Corvinus.ComponentModel.Composition.csproj", "{AEE5FAB9-7265-4ABE-B36E-C7DCF10E9E34}"
EndProject
Project("{9A19103F-16F7-4668-BE54-9A1E7A4F7556}") = "Corvinus.ComponentModel.Composition.Test.Unit", "src\Corvinus.ComponentModel.Composition\tests\Corvinus.ComponentModel.Composition.Test.Unit\Corvinus.ComponentModel.Composition.Test.Unit.csproj", "{1B802FFA-545B-4FFD-BC5C-75F12078573F}"
EndProject
Project("{9A19103F-16F7-4668-BE54-9A1E7A4F7556}") = "Corvinus.Data.Serialization", "src\Corvinus.Data.Serialization\src\Corvinus.Data.Serialization.csproj", "{E292C077-3217-4F42-95BF-39CCF243D317}"
EndProject
Project("{9A19103F-16F7-4668-BE54-9A1E7A4F7556}") = "Corvinus.Data.Serialization.Test.Unit", "src\Corvinus.Data.Serialization\tests\Corvinus.Data.Serialization.Test.Unit\Corvinus.Data.Serialization.Test.Unit.csproj", "{F821E823-F543-4086-9134-1FE34D2C36C2}"
EndProject
Project("{9A19103F-16F7-4668-BE54-9A1E7A4F7556}") = "Corvinus.Net", "src\Corvinus.Net\src\Corvinus.Net.csproj", "{7E64AF19-DE72-46B2-A7E9-B9E6B5514C36}"
EndProject
Project("{9A19103F-16F7-4668-BE54-9A1E7A4F7556}") = "Corvinus.Net.Test.Unit", "src\Corvinus.Net\tests\Corvinus.Net.Test.Unit\Corvinus.Net.Test.Unit.csproj", "{EF36D61C-B920-4D72-87D5-0435BC865FD6}"
EndProject
Project("{9A19103F-16F7-4668-BE54-9A1E7A4F7556}") = "Corvinus.IO", "src\Corvinus.IO\src\Corvinus.IO.csproj", "{A7040416-B847-4E14-BEF4-427EF2AB6270}"
EndProject
Project("{9A19103F-16F7-4668-BE54-9A1E7A4F7556}") = "Corvinus.IO.Test.Unit", "src\Corvinus.IO\tests\Corvinus.IO.Test.Unit\Corvinus.IO.Test.Unit.csproj", "{D8FFDEFB-353F-464B-8915-B97C92B3E6DF}"
EndProject
Project("{2150E333-8FDC-42A3-9474-1A3956D46DE8}") = "common", "common", "{F62F59B3-AB67-4641-90BA-000556FF6A79}"
	ProjectSection(SolutionItems) = preProject
		common\CodeAnalysis.Src.ruleset = common\CodeAnalysis.Src.ruleset
		common\CodeAnalysis.Test.ruleset = common\CodeAnalysis.Test.ruleset
		common\CopyLibrary.ps1 = common\CopyLibrary.ps1
		common\Corvinus-Logo.png = common\Corvinus-Logo.png
		Directory.Build.props = Directory.Build.props
		Directory.Build.Test.props = Directory.Build.Test.props
		common\stylecop.json = common\stylecop.json
		common\xmldoc2md.ps1 = common\xmldoc2md.ps1
		common\xmldoc2md.xsl = common\xmldoc2md.xsl
	EndProjectSection
EndProject
Project("{9A19103F-16F7-4668-BE54-9A1E7A4F7556}") = "Corvinus.Extensions", "src\Corvinus.Extensions\src\Corvinus.Extensions.csproj", "{9D1B535B-A330-4FFB-81B2-6A8027F84CBE}"
EndProject
Project("{9A19103F-16F7-4668-BE54-9A1E7A4F7556}") = "Corvinus.Extensions.Test.Unit", "src\Corvinus.Extensions\tests\Corvinus.Extensions.Test.Unit\Corvinus.Extensions.Test.Unit.csproj", "{039308AB-0E3D-4FCE-A73B-59DA1131288A}"
EndProject
Global
	GlobalSection(SolutionConfigurationPlatforms) = preSolution
		Debug|Any CPU = Debug|Any CPU
		Release|Any CPU = Release|Any CPU
	EndGlobalSection
	GlobalSection(ProjectConfigurationPlatforms) = postSolution
		{A38FD32A-4A76-4E28-A8BC-3536EEF7B664}.Debug|Any CPU.ActiveCfg = Debug|Any CPU
		{A38FD32A-4A76-4E28-A8BC-3536EEF7B664}.Debug|Any CPU.Build.0 = Debug|Any CPU
		{A38FD32A-4A76-4E28-A8BC-3536EEF7B664}.Release|Any CPU.ActiveCfg = Release|Any CPU
		{A38FD32A-4A76-4E28-A8BC-3536EEF7B664}.Release|Any CPU.Build.0 = Release|Any CPU
		{18DA95DF-4668-43AE-8621-5E3811FDDFFC}.Debug|Any CPU.ActiveCfg = Debug|Any CPU
		{18DA95DF-4668-43AE-8621-5E3811FDDFFC}.Debug|Any CPU.Build.0 = Debug|Any CPU
		{18DA95DF-4668-43AE-8621-5E3811FDDFFC}.Release|Any CPU.ActiveCfg = Release|Any CPU
		{18DA95DF-4668-43AE-8621-5E3811FDDFFC}.Release|Any CPU.Build.0 = Release|Any CPU
		{AEE5FAB9-7265-4ABE-B36E-C7DCF10E9E34}.Debug|Any CPU.ActiveCfg = Debug|Any CPU
		{AEE5FAB9-7265-4ABE-B36E-C7DCF10E9E34}.Debug|Any CPU.Build.0 = Debug|Any CPU
		{AEE5FAB9-7265-4ABE-B36E-C7DCF10E9E34}.Release|Any CPU.ActiveCfg = Release|Any CPU
		{AEE5FAB9-7265-4ABE-B36E-C7DCF10E9E34}.Release|Any CPU.Build.0 = Release|Any CPU
		{1B802FFA-545B-4FFD-BC5C-75F12078573F}.Debug|Any CPU.ActiveCfg = Debug|Any CPU
		{1B802FFA-545B-4FFD-BC5C-75F12078573F}.Debug|Any CPU.Build.0 = Debug|Any CPU
		{1B802FFA-545B-4FFD-BC5C-75F12078573F}.Release|Any CPU.ActiveCfg = Release|Any CPU
		{1B802FFA-545B-4FFD-BC5C-75F12078573F}.Release|Any CPU.Build.0 = Release|Any CPU
		{E292C077-3217-4F42-95BF-39CCF243D317}.Debug|Any CPU.ActiveCfg = Debug|Any CPU
		{E292C077-3217-4F42-95BF-39CCF243D317}.Debug|Any CPU.Build.0 = Debug|Any CPU
		{E292C077-3217-4F42-95BF-39CCF243D317}.Release|Any CPU.ActiveCfg = Release|Any CPU
		{E292C077-3217-4F42-95BF-39CCF243D317}.Release|Any CPU.Build.0 = Release|Any CPU
		{F821E823-F543-4086-9134-1FE34D2C36C2}.Debug|Any CPU.ActiveCfg = Debug|Any CPU
		{F821E823-F543-4086-9134-1FE34D2C36C2}.Debug|Any CPU.Build.0 = Debug|Any CPU
		{F821E823-F543-4086-9134-1FE34D2C36C2}.Release|Any CPU.ActiveCfg = Release|Any CPU
		{F821E823-F543-4086-9134-1FE34D2C36C2}.Release|Any CPU.Build.0 = Release|Any CPU
		{7E64AF19-DE72-46B2-A7E9-B9E6B5514C36}.Debug|Any CPU.ActiveCfg = Debug|Any CPU
		{7E64AF19-DE72-46B2-A7E9-B9E6B5514C36}.Debug|Any CPU.Build.0 = Debug|Any CPU
		{7E64AF19-DE72-46B2-A7E9-B9E6B5514C36}.Release|Any CPU.ActiveCfg = Release|Any CPU
		{7E64AF19-DE72-46B2-A7E9-B9E6B5514C36}.Release|Any CPU.Build.0 = Release|Any CPU
		{EF36D61C-B920-4D72-87D5-0435BC865FD6}.Debug|Any CPU.ActiveCfg = Debug|Any CPU
		{EF36D61C-B920-4D72-87D5-0435BC865FD6}.Debug|Any CPU.Build.0 = Debug|Any CPU
		{EF36D61C-B920-4D72-87D5-0435BC865FD6}.Release|Any CPU.ActiveCfg = Release|Any CPU
		{EF36D61C-B920-4D72-87D5-0435BC865FD6}.Release|Any CPU.Build.0 = Release|Any CPU
		{A7040416-B847-4E14-BEF4-427EF2AB6270}.Debug|Any CPU.ActiveCfg = Debug|Any CPU
		{A7040416-B847-4E14-BEF4-427EF2AB6270}.Debug|Any CPU.Build.0 = Debug|Any CPU
		{A7040416-B847-4E14-BEF4-427EF2AB6270}.Release|Any CPU.ActiveCfg = Release|Any CPU
		{A7040416-B847-4E14-BEF4-427EF2AB6270}.Release|Any CPU.Build.0 = Release|Any CPU
		{D8FFDEFB-353F-464B-8915-B97C92B3E6DF}.Debug|Any CPU.ActiveCfg = Debug|Any CPU
		{D8FFDEFB-353F-464B-8915-B97C92B3E6DF}.Debug|Any CPU.Build.0 = Debug|Any CPU
		{D8FFDEFB-353F-464B-8915-B97C92B3E6DF}.Release|Any CPU.ActiveCfg = Release|Any CPU
		{D8FFDEFB-353F-464B-8915-B97C92B3E6DF}.Release|Any CPU.Build.0 = Release|Any CPU
		{9D1B535B-A330-4FFB-81B2-6A8027F84CBE}.Debug|Any CPU.ActiveCfg = Debug|Any CPU
		{9D1B535B-A330-4FFB-81B2-6A8027F84CBE}.Debug|Any CPU.Build.0 = Debug|Any CPU
		{9D1B535B-A330-4FFB-81B2-6A8027F84CBE}.Release|Any CPU.ActiveCfg = Release|Any CPU
		{9D1B535B-A330-4FFB-81B2-6A8027F84CBE}.Release|Any CPU.Build.0 = Release|Any CPU
		{039308AB-0E3D-4FCE-A73B-59DA1131288A}.Debug|Any CPU.ActiveCfg = Debug|Any CPU
		{039308AB-0E3D-4FCE-A73B-59DA1131288A}.Debug|Any CPU.Build.0 = Debug|Any CPU
		{039308AB-0E3D-4FCE-A73B-59DA1131288A}.Release|Any CPU.ActiveCfg = Release|Any CPU
		{039308AB-0E3D-4FCE-A73B-59DA1131288A}.Release|Any CPU.Build.0 = Release|Any CPU
	EndGlobalSection
	GlobalSection(SolutionProperties) = preSolution
		HideSolutionNode = FALSE
	EndGlobalSection
	GlobalSection(NestedProjects) = preSolution
		{A38FD32A-4A76-4E28-A8BC-3536EEF7B664} = {A563E683-79C0-4BBC-9D52-E0D53EE328FC}
		{18DA95DF-4668-43AE-8621-5E3811FDDFFC} = {2F8A3136-12E4-4FEA-AF9D-E5AEA07AD57A}
		{AEE5FAB9-7265-4ABE-B36E-C7DCF10E9E34} = {A563E683-79C0-4BBC-9D52-E0D53EE328FC}
		{1B802FFA-545B-4FFD-BC5C-75F12078573F} = {2F8A3136-12E4-4FEA-AF9D-E5AEA07AD57A}
		{E292C077-3217-4F42-95BF-39CCF243D317} = {A563E683-79C0-4BBC-9D52-E0D53EE328FC}
		{F821E823-F543-4086-9134-1FE34D2C36C2} = {2F8A3136-12E4-4FEA-AF9D-E5AEA07AD57A}
		{7E64AF19-DE72-46B2-A7E9-B9E6B5514C36} = {A563E683-79C0-4BBC-9D52-E0D53EE328FC}
		{EF36D61C-B920-4D72-87D5-0435BC865FD6} = {2F8A3136-12E4-4FEA-AF9D-E5AEA07AD57A}
		{A7040416-B847-4E14-BEF4-427EF2AB6270} = {A563E683-79C0-4BBC-9D52-E0D53EE328FC}
		{D8FFDEFB-353F-464B-8915-B97C92B3E6DF} = {2F8A3136-12E4-4FEA-AF9D-E5AEA07AD57A}
		{9D1B535B-A330-4FFB-81B2-6A8027F84CBE} = {A563E683-79C0-4BBC-9D52-E0D53EE328FC}
		{039308AB-0E3D-4FCE-A73B-59DA1131288A} = {2F8A3136-12E4-4FEA-AF9D-E5AEA07AD57A}
	EndGlobalSection
	GlobalSection(ExtensibilityGlobals) = postSolution
		SolutionGuid = {7813B8D7-67B6-4833-B513-17DE59E8DC4B}
	EndGlobalSection
EndGlobal
